
Microsoft Visual Studio Solution File, Format Version 12.00
# Visual Studio 15
VisualStudioVersion = 15.0.27004.2002
MinimumVisualStudioVersion = 10.0.40219.1
Project("{2150E333-8FDC-42A3-9474-1A3956D46DE8}") = "Solution Items", "Solution Items", "{86211188-62DD-47CA-A705-26A4C7A076CB}"
	ProjectSection(SolutionItems) = preProject
		SecureStorage.Plugin.nuspec = SecureStorage.Plugin.nuspec
	EndProjectSection
EndProject
Project("{9A19103F-16F7-4668-BE54-9A1E7A4F7556}") = "Plugin.SecureStorage", "Plugin.SecureStorage\Plugin.SecureStorage.csproj", "{3A15A807-B51A-4782-91E9-5AFEA81350D4}"
EndProject
Project("{D954291E-2A0B-460D-934E-DC6B0785DB48}") = "Plugin.SecureStorage.Shared", "Plugin.SecureStorage.Shared\Plugin.SecureStorage.Shared.shproj", "{57008806-5883-47C4-84BC-AC37520CFDFB}"
EndProject
Project("{9A19103F-16F7-4668-BE54-9A1E7A4F7556}") = "Plugin.SecureStorage.Abstractions", "Plugin.SecureStorage.Abstractions\Plugin.SecureStorage.Abstractions.csproj", "{7E933DD7-D547-42E7-A43A-8B142DA7E876}"
EndProject
Project("{FAE04EC0-301F-11D3-BF4B-00C04F79EFBC}") = "Plugin.SecureStorage.Android", "Plugin.SecureStorage.Android\Plugin.SecureStorage.Android.csproj", "{F5713AAB-70A5-4CE0-BE3B-06B561375F64}"
EndProject
Project("{FAE04EC0-301F-11D3-BF4B-00C04F79EFBC}") = "Plugin.SecureStorage.iOS", "Plugin.SecureStorage.iOS\Plugin.SecureStorage.iOS.csproj", "{566ACC48-B3C9-4F2A-A112-CD76E30D4BCD}"
EndProject
Project("{FAE04EC0-301F-11D3-BF4B-00C04F79EFBC}") = "Plugin.SecureStorage.Net46", "Plugin.SecureStorage.Net46\Plugin.SecureStorage.Net46.csproj", "{1476A74C-E552-4003-A4D5-2DEAC0382ED8}"
EndProject
Project("{9A19103F-16F7-4668-BE54-9A1E7A4F7556}") = "Plugin.SecureStorage.Test", "Plugin.SecureStorage.Test\Plugin.SecureStorage.Test.csproj", "{FB313D30-6154-4D2B-9C23-CAE405D85C42}"
EndProject
Project("{FAE04EC0-301F-11D3-BF4B-00C04F79EFBC}") = "Plugin.SecureStorage.Net46.Test", "Plugin.SecureStorage.Net46.Test\Plugin.SecureStorage.Net46.Test.csproj", "{FEF678DC-D1DF-47F6-8971-E406ADACCB31}"
EndProject
Project("{D954291E-2A0B-460D-934E-DC6B0785DB48}") = "Plugin.SecureStorage.Test.Shared", "Plugin.SecureStorage.Test.Shared\Plugin.SecureStorage.Test.Shared.shproj", "{67293509-57F4-4016-8D9D-9F6FDC34E00E}"
EndProject
Project("{FAE04EC0-301F-11D3-BF4B-00C04F79EFBC}") = "Plugin.SecureStorage.UWP.Test", "Plugin.SecureStorage.UWP.Test\Plugin.SecureStorage.UWP.Test.csproj", "{4C7EA68C-F6E7-46C2-B87F-ECE5B02EEEC8}"
EndProject
Project("{FAE04EC0-301F-11D3-BF4B-00C04F79EFBC}") = "Plugin.SecureStorage.UWP", "Plugin.SecureStorage.UWP\Plugin.SecureStorage.UWP.csproj", "{0EDA6BC1-0F4A-47C1-82C6-7D03C8621229}"
EndProject
Global
	GlobalSection(SharedMSBuildProjectFiles) = preSolution
		Plugin.SecureStorage.Shared\Plugin.SecureStorage.Shared.projitems*{0eda6bc1-0f4a-47c1-82c6-7d03c8621229}*SharedItemsImports = 4
		Plugin.SecureStorage.Shared\Plugin.SecureStorage.Shared.projitems*{1476a74c-e552-4003-a4d5-2deac0382ed8}*SharedItemsImports = 4
		Plugin.SecureStorage.Shared\Plugin.SecureStorage.Shared.projitems*{566acc48-b3c9-4f2a-a112-cd76e30d4bcd}*SharedItemsImports = 4
		Plugin.SecureStorage.Shared\Plugin.SecureStorage.Shared.projitems*{57008806-5883-47c4-84bc-ac37520cfdfb}*SharedItemsImports = 13
		Plugin.SecureStorage.Test.Shared\Plugin.SecureStorage.Test.Shared.projitems*{67293509-57f4-4016-8d9d-9f6fdc34e00e}*SharedItemsImports = 13
		Plugin.SecureStorage.Shared\Plugin.SecureStorage.Shared.projitems*{f5713aab-70a5-4ce0-be3b-06b561375f64}*SharedItemsImports = 4
		Plugin.SecureStorage.Test.Shared\Plugin.SecureStorage.Test.Shared.projitems*{fef678dc-d1df-47f6-8971-e406adaccb31}*SharedItemsImports = 4
	EndGlobalSection
	GlobalSection(SolutionConfigurationPlatforms) = preSolution
		AppStore|Any CPU = AppStore|Any CPU
		AppStore|ARM = AppStore|ARM
		AppStore|x64 = AppStore|x64
		AppStore|x86 = AppStore|x86
		Debug|Any CPU = Debug|Any CPU
		Debug|ARM = Debug|ARM
		Debug|x64 = Debug|x64
		Debug|x86 = Debug|x86
		Release|Any CPU = Release|Any CPU
		Release|ARM = Release|ARM
		Release|x64 = Release|x64
		Release|x86 = Release|x86
	EndGlobalSection
	GlobalSection(ProjectConfigurationPlatforms) = postSolution
		{3A15A807-B51A-4782-91E9-5AFEA81350D4}.AppStore|Any CPU.ActiveCfg = Debug|Any CPU
		{3A15A807-B51A-4782-91E9-5AFEA81350D4}.AppStore|Any CPU.Build.0 = Debug|Any CPU
		{3A15A807-B51A-4782-91E9-5AFEA81350D4}.AppStore|ARM.ActiveCfg = Debug|Any CPU
		{3A15A807-B51A-4782-91E9-5AFEA81350D4}.AppStore|ARM.Build.0 = Debug|Any CPU
		{3A15A807-B51A-4782-91E9-5AFEA81350D4}.AppStore|x64.ActiveCfg = Debug|Any CPU
		{3A15A807-B51A-4782-91E9-5AFEA81350D4}.AppStore|x64.Build.0 = Debug|Any CPU
		{3A15A807-B51A-4782-91E9-5AFEA81350D4}.AppStore|x86.ActiveCfg = Debug|Any CPU
		{3A15A807-B51A-4782-91E9-5AFEA81350D4}.AppStore|x86.Build.0 = Debug|Any CPU
		{3A15A807-B51A-4782-91E9-5AFEA81350D4}.Debug|Any CPU.ActiveCfg = Debug|Any CPU
		{3A15A807-B51A-4782-91E9-5AFEA81350D4}.Debug|Any CPU.Build.0 = Debug|Any CPU
		{3A15A807-B51A-4782-91E9-5AFEA81350D4}.Debug|ARM.ActiveCfg = Debug|Any CPU
		{3A15A807-B51A-4782-91E9-5AFEA81350D4}.Debug|ARM.Build.0 = Debug|Any CPU
		{3A15A807-B51A-4782-91E9-5AFEA81350D4}.Debug|x64.ActiveCfg = Debug|Any CPU
		{3A15A807-B51A-4782-91E9-5AFEA81350D4}.Debug|x64.Build.0 = Debug|Any CPU
		{3A15A807-B51A-4782-91E9-5AFEA81350D4}.Debug|x86.ActiveCfg = Debug|Any CPU
		{3A15A807-B51A-4782-91E9-5AFEA81350D4}.Debug|x86.Build.0 = Debug|Any CPU
		{3A15A807-B51A-4782-91E9-5AFEA81350D4}.Release|Any CPU.ActiveCfg = Release|Any CPU
		{3A15A807-B51A-4782-91E9-5AFEA81350D4}.Release|Any CPU.Build.0 = Release|Any CPU
		{3A15A807-B51A-4782-91E9-5AFEA81350D4}.Release|ARM.ActiveCfg = Release|Any CPU
		{3A15A807-B51A-4782-91E9-5AFEA81350D4}.Release|ARM.Build.0 = Release|Any CPU
		{3A15A807-B51A-4782-91E9-5AFEA81350D4}.Release|x64.ActiveCfg = Release|Any CPU
		{3A15A807-B51A-4782-91E9-5AFEA81350D4}.Release|x64.Build.0 = Release|Any CPU
		{3A15A807-B51A-4782-91E9-5AFEA81350D4}.Release|x86.ActiveCfg = Release|Any CPU
		{3A15A807-B51A-4782-91E9-5AFEA81350D4}.Release|x86.Build.0 = Release|Any CPU
		{7E933DD7-D547-42E7-A43A-8B142DA7E876}.AppStore|Any CPU.ActiveCfg = Debug|Any CPU
		{7E933DD7-D547-42E7-A43A-8B142DA7E876}.AppStore|Any CPU.Build.0 = Debug|Any CPU
		{7E933DD7-D547-42E7-A43A-8B142DA7E876}.AppStore|ARM.ActiveCfg = Debug|Any CPU
		{7E933DD7-D547-42E7-A43A-8B142DA7E876}.AppStore|ARM.Build.0 = Debug|Any CPU
		{7E933DD7-D547-42E7-A43A-8B142DA7E876}.AppStore|x64.ActiveCfg = Debug|Any CPU
		{7E933DD7-D547-42E7-A43A-8B142DA7E876}.AppStore|x64.Build.0 = Debug|Any CPU
		{7E933DD7-D547-42E7-A43A-8B142DA7E876}.AppStore|x86.ActiveCfg = Debug|Any CPU
		{7E933DD7-D547-42E7-A43A-8B142DA7E876}.AppStore|x86.Build.0 = Debug|Any CPU
		{7E933DD7-D547-42E7-A43A-8B142DA7E876}.Debug|Any CPU.ActiveCfg = Debug|Any CPU
		{7E933DD7-D547-42E7-A43A-8B142DA7E876}.Debug|Any CPU.Build.0 = Debug|Any CPU
		{7E933DD7-D547-42E7-A43A-8B142DA7E876}.Debug|ARM.ActiveCfg = Debug|Any CPU
		{7E933DD7-D547-42E7-A43A-8B142DA7E876}.Debug|ARM.Build.0 = Debug|Any CPU
		{7E933DD7-D547-42E7-A43A-8B142DA7E876}.Debug|x64.ActiveCfg = Debug|Any CPU
		{7E933DD7-D547-42E7-A43A-8B142DA7E876}.Debug|x64.Build.0 = Debug|Any CPU
		{7E933DD7-D547-42E7-A43A-8B142DA7E876}.Debug|x86.ActiveCfg = Debug|Any CPU
		{7E933DD7-D547-42E7-A43A-8B142DA7E876}.Debug|x86.Build.0 = Debug|Any CPU
		{7E933DD7-D547-42E7-A43A-8B142DA7E876}.Release|Any CPU.ActiveCfg = Release|Any CPU
		{7E933DD7-D547-42E7-A43A-8B142DA7E876}.Release|Any CPU.Build.0 = Release|Any CPU
		{7E933DD7-D547-42E7-A43A-8B142DA7E876}.Release|ARM.ActiveCfg = Release|Any CPU
		{7E933DD7-D547-42E7-A43A-8B142DA7E876}.Release|ARM.Build.0 = Release|Any CPU
		{7E933DD7-D547-42E7-A43A-8B142DA7E876}.Release|x64.ActiveCfg = Release|Any CPU
		{7E933DD7-D547-42E7-A43A-8B142DA7E876}.Release|x64.Build.0 = Release|Any CPU
		{7E933DD7-D547-42E7-A43A-8B142DA7E876}.Release|x86.ActiveCfg = Release|Any CPU
		{7E933DD7-D547-42E7-A43A-8B142DA7E876}.Release|x86.Build.0 = Release|Any CPU
		{F5713AAB-70A5-4CE0-BE3B-06B561375F64}.AppStore|Any CPU.ActiveCfg = Release|Any CPU
		{F5713AAB-70A5-4CE0-BE3B-06B561375F64}.AppStore|Any CPU.Build.0 = Release|Any CPU
		{F5713AAB-70A5-4CE0-BE3B-06B561375F64}.AppStore|ARM.ActiveCfg = Release|Any CPU
		{F5713AAB-70A5-4CE0-BE3B-06B561375F64}.AppStore|ARM.Build.0 = Release|Any CPU
		{F5713AAB-70A5-4CE0-BE3B-06B561375F64}.AppStore|x64.ActiveCfg = Release|Any CPU
		{F5713AAB-70A5-4CE0-BE3B-06B561375F64}.AppStore|x64.Build.0 = Release|Any CPU
		{F5713AAB-70A5-4CE0-BE3B-06B561375F64}.AppStore|x86.ActiveCfg = Release|Any CPU
		{F5713AAB-70A5-4CE0-BE3B-06B561375F64}.AppStore|x86.Build.0 = Release|Any CPU
		{F5713AAB-70A5-4CE0-BE3B-06B561375F64}.Debug|Any CPU.ActiveCfg = Debug|Any CPU
		{F5713AAB-70A5-4CE0-BE3B-06B561375F64}.Debug|Any CPU.Build.0 = Debug|Any CPU
		{F5713AAB-70A5-4CE0-BE3B-06B561375F64}.Debug|ARM.ActiveCfg = Debug|Any CPU
		{F5713AAB-70A5-4CE0-BE3B-06B561375F64}.Debug|ARM.Build.0 = Debug|Any CPU
		{F5713AAB-70A5-4CE0-BE3B-06B561375F64}.Debug|x64.ActiveCfg = Debug|Any CPU
		{F5713AAB-70A5-4CE0-BE3B-06B561375F64}.Debug|x64.Build.0 = Debug|Any CPU
		{F5713AAB-70A5-4CE0-BE3B-06B561375F64}.Debug|x86.ActiveCfg = Debug|Any CPU
		{F5713AAB-70A5-4CE0-BE3B-06B561375F64}.Debug|x86.Build.0 = Debug|Any CPU
		{F5713AAB-70A5-4CE0-BE3B-06B561375F64}.Release|Any CPU.ActiveCfg = Release|Any CPU
		{F5713AAB-70A5-4CE0-BE3B-06B561375F64}.Release|Any CPU.Build.0 = Release|Any CPU
		{F5713AAB-70A5-4CE0-BE3B-06B561375F64}.Release|ARM.ActiveCfg = Release|Any CPU
		{F5713AAB-70A5-4CE0-BE3B-06B561375F64}.Release|ARM.Build.0 = Release|Any CPU
		{F5713AAB-70A5-4CE0-BE3B-06B561375F64}.Release|x64.ActiveCfg = Release|Any CPU
		{F5713AAB-70A5-4CE0-BE3B-06B561375F64}.Release|x64.Build.0 = Release|Any CPU
		{F5713AAB-70A5-4CE0-BE3B-06B561375F64}.Release|x86.ActiveCfg = Release|Any CPU
		{F5713AAB-70A5-4CE0-BE3B-06B561375F64}.Release|x86.Build.0 = Release|Any CPU
		{566ACC48-B3C9-4F2A-A112-CD76E30D4BCD}.AppStore|Any CPU.ActiveCfg = Release|Any CPU
		{566ACC48-B3C9-4F2A-A112-CD76E30D4BCD}.AppStore|Any CPU.Build.0 = Release|Any CPU
		{566ACC48-B3C9-4F2A-A112-CD76E30D4BCD}.AppStore|ARM.ActiveCfg = Release|Any CPU
		{566ACC48-B3C9-4F2A-A112-CD76E30D4BCD}.AppStore|ARM.Build.0 = Release|Any CPU
		{566ACC48-B3C9-4F2A-A112-CD76E30D4BCD}.AppStore|x64.ActiveCfg = Release|Any CPU
		{566ACC48-B3C9-4F2A-A112-CD76E30D4BCD}.AppStore|x64.Build.0 = Release|Any CPU
		{566ACC48-B3C9-4F2A-A112-CD76E30D4BCD}.AppStore|x86.ActiveCfg = Release|Any CPU
		{566ACC48-B3C9-4F2A-A112-CD76E30D4BCD}.AppStore|x86.Build.0 = Release|Any CPU
		{566ACC48-B3C9-4F2A-A112-CD76E30D4BCD}.Debug|Any CPU.ActiveCfg = Debug|Any CPU
		{566ACC48-B3C9-4F2A-A112-CD76E30D4BCD}.Debug|Any CPU.Build.0 = Debug|Any CPU
		{566ACC48-B3C9-4F2A-A112-CD76E30D4BCD}.Debug|ARM.ActiveCfg = Debug|Any CPU
		{566ACC48-B3C9-4F2A-A112-CD76E30D4BCD}.Debug|ARM.Build.0 = Debug|Any CPU
		{566ACC48-B3C9-4F2A-A112-CD76E30D4BCD}.Debug|x64.ActiveCfg = Debug|Any CPU
		{566ACC48-B3C9-4F2A-A112-CD76E30D4BCD}.Debug|x64.Build.0 = Debug|Any CPU
		{566ACC48-B3C9-4F2A-A112-CD76E30D4BCD}.Debug|x86.ActiveCfg = Debug|Any CPU
		{566ACC48-B3C9-4F2A-A112-CD76E30D4BCD}.Debug|x86.Build.0 = Debug|Any CPU
		{566ACC48-B3C9-4F2A-A112-CD76E30D4BCD}.Release|Any CPU.ActiveCfg = Release|Any CPU
		{566ACC48-B3C9-4F2A-A112-CD76E30D4BCD}.Release|Any CPU.Build.0 = Release|Any CPU
		{566ACC48-B3C9-4F2A-A112-CD76E30D4BCD}.Release|ARM.ActiveCfg = Release|Any CPU
		{566ACC48-B3C9-4F2A-A112-CD76E30D4BCD}.Release|ARM.Build.0 = Release|Any CPU
		{566ACC48-B3C9-4F2A-A112-CD76E30D4BCD}.Release|x64.ActiveCfg = Release|Any CPU
		{566ACC48-B3C9-4F2A-A112-CD76E30D4BCD}.Release|x64.Build.0 = Release|Any CPU
		{566ACC48-B3C9-4F2A-A112-CD76E30D4BCD}.Release|x86.ActiveCfg = Release|Any CPU
		{566ACC48-B3C9-4F2A-A112-CD76E30D4BCD}.Release|x86.Build.0 = Release|Any CPU
		{1476A74C-E552-4003-A4D5-2DEAC0382ED8}.AppStore|Any CPU.ActiveCfg = Release|Any CPU
		{1476A74C-E552-4003-A4D5-2DEAC0382ED8}.AppStore|Any CPU.Build.0 = Release|Any CPU
		{1476A74C-E552-4003-A4D5-2DEAC0382ED8}.AppStore|ARM.ActiveCfg = Release|Any CPU
		{1476A74C-E552-4003-A4D5-2DEAC0382ED8}.AppStore|ARM.Build.0 = Release|Any CPU
		{1476A74C-E552-4003-A4D5-2DEAC0382ED8}.AppStore|x64.ActiveCfg = Release|Any CPU
		{1476A74C-E552-4003-A4D5-2DEAC0382ED8}.AppStore|x64.Build.0 = Release|Any CPU
		{1476A74C-E552-4003-A4D5-2DEAC0382ED8}.AppStore|x86.ActiveCfg = Release|Any CPU
		{1476A74C-E552-4003-A4D5-2DEAC0382ED8}.AppStore|x86.Build.0 = Release|Any CPU
		{1476A74C-E552-4003-A4D5-2DEAC0382ED8}.Debug|Any CPU.ActiveCfg = Debug|Any CPU
		{1476A74C-E552-4003-A4D5-2DEAC0382ED8}.Debug|Any CPU.Build.0 = Debug|Any CPU
		{1476A74C-E552-4003-A4D5-2DEAC0382ED8}.Debug|ARM.ActiveCfg = Debug|Any CPU
		{1476A74C-E552-4003-A4D5-2DEAC0382ED8}.Debug|ARM.Build.0 = Debug|Any CPU
		{1476A74C-E552-4003-A4D5-2DEAC0382ED8}.Debug|x64.ActiveCfg = Debug|Any CPU
		{1476A74C-E552-4003-A4D5-2DEAC0382ED8}.Debug|x64.Build.0 = Debug|Any CPU
		{1476A74C-E552-4003-A4D5-2DEAC0382ED8}.Debug|x86.ActiveCfg = Debug|Any CPU
		{1476A74C-E552-4003-A4D5-2DEAC0382ED8}.Debug|x86.Build.0 = Debug|Any CPU
		{1476A74C-E552-4003-A4D5-2DEAC0382ED8}.Release|Any CPU.ActiveCfg = Release|Any CPU
		{1476A74C-E552-4003-A4D5-2DEAC0382ED8}.Release|Any CPU.Build.0 = Release|Any CPU
		{1476A74C-E552-4003-A4D5-2DEAC0382ED8}.Release|ARM.ActiveCfg = Release|Any CPU
		{1476A74C-E552-4003-A4D5-2DEAC0382ED8}.Release|ARM.Build.0 = Release|Any CPU
		{1476A74C-E552-4003-A4D5-2DEAC0382ED8}.Release|x64.ActiveCfg = Release|Any CPU
		{1476A74C-E552-4003-A4D5-2DEAC0382ED8}.Release|x64.Build.0 = Release|Any CPU
		{1476A74C-E552-4003-A4D5-2DEAC0382ED8}.Release|x86.ActiveCfg = Release|Any CPU
		{1476A74C-E552-4003-A4D5-2DEAC0382ED8}.Release|x86.Build.0 = Release|Any CPU
		{FB313D30-6154-4D2B-9C23-CAE405D85C42}.AppStore|Any CPU.ActiveCfg = Debug|Any CPU
		{FB313D30-6154-4D2B-9C23-CAE405D85C42}.AppStore|Any CPU.Build.0 = Debug|Any CPU
		{FB313D30-6154-4D2B-9C23-CAE405D85C42}.AppStore|ARM.ActiveCfg = Debug|Any CPU
		{FB313D30-6154-4D2B-9C23-CAE405D85C42}.AppStore|ARM.Build.0 = Debug|Any CPU
		{FB313D30-6154-4D2B-9C23-CAE405D85C42}.AppStore|x64.ActiveCfg = Debug|Any CPU
		{FB313D30-6154-4D2B-9C23-CAE405D85C42}.AppStore|x64.Build.0 = Debug|Any CPU
		{FB313D30-6154-4D2B-9C23-CAE405D85C42}.AppStore|x86.ActiveCfg = Debug|Any CPU
		{FB313D30-6154-4D2B-9C23-CAE405D85C42}.AppStore|x86.Build.0 = Debug|Any CPU
		{FB313D30-6154-4D2B-9C23-CAE405D85C42}.Debug|Any CPU.ActiveCfg = Debug|Any CPU
		{FB313D30-6154-4D2B-9C23-CAE405D85C42}.Debug|Any CPU.Build.0 = Debug|Any CPU
		{FB313D30-6154-4D2B-9C23-CAE405D85C42}.Debug|ARM.ActiveCfg = Debug|Any CPU
		{FB313D30-6154-4D2B-9C23-CAE405D85C42}.Debug|ARM.Build.0 = Debug|Any CPU
		{FB313D30-6154-4D2B-9C23-CAE405D85C42}.Debug|x64.ActiveCfg = Debug|Any CPU
		{FB313D30-6154-4D2B-9C23-CAE405D85C42}.Debug|x64.Build.0 = Debug|Any CPU
		{FB313D30-6154-4D2B-9C23-CAE405D85C42}.Debug|x86.ActiveCfg = Debug|Any CPU
		{FB313D30-6154-4D2B-9C23-CAE405D85C42}.Debug|x86.Build.0 = Debug|Any CPU
		{FB313D30-6154-4D2B-9C23-CAE405D85C42}.Release|Any CPU.ActiveCfg = Release|Any CPU
		{FB313D30-6154-4D2B-9C23-CAE405D85C42}.Release|Any CPU.Build.0 = Release|Any CPU
		{FB313D30-6154-4D2B-9C23-CAE405D85C42}.Release|ARM.ActiveCfg = Release|Any CPU
		{FB313D30-6154-4D2B-9C23-CAE405D85C42}.Release|ARM.Build.0 = Release|Any CPU
		{FB313D30-6154-4D2B-9C23-CAE405D85C42}.Release|x64.ActiveCfg = Release|Any CPU
		{FB313D30-6154-4D2B-9C23-CAE405D85C42}.Release|x64.Build.0 = Release|Any CPU
		{FB313D30-6154-4D2B-9C23-CAE405D85C42}.Release|x86.ActiveCfg = Release|Any CPU
		{FB313D30-6154-4D2B-9C23-CAE405D85C42}.Release|x86.Build.0 = Release|Any CPU
		{FEF678DC-D1DF-47F6-8971-E406ADACCB31}.AppStore|Any CPU.ActiveCfg = Release|Any CPU
		{FEF678DC-D1DF-47F6-8971-E406ADACCB31}.AppStore|Any CPU.Build.0 = Release|Any CPU
		{FEF678DC-D1DF-47F6-8971-E406ADACCB31}.AppStore|ARM.ActiveCfg = Release|Any CPU
		{FEF678DC-D1DF-47F6-8971-E406ADACCB31}.AppStore|ARM.Build.0 = Release|Any CPU
		{FEF678DC-D1DF-47F6-8971-E406ADACCB31}.AppStore|x64.ActiveCfg = Release|Any CPU
		{FEF678DC-D1DF-47F6-8971-E406ADACCB31}.AppStore|x64.Build.0 = Release|Any CPU
		{FEF678DC-D1DF-47F6-8971-E406ADACCB31}.AppStore|x86.ActiveCfg = Release|Any CPU
		{FEF678DC-D1DF-47F6-8971-E406ADACCB31}.AppStore|x86.Build.0 = Release|Any CPU
		{FEF678DC-D1DF-47F6-8971-E406ADACCB31}.Debug|Any CPU.ActiveCfg = Debug|Any CPU
		{FEF678DC-D1DF-47F6-8971-E406ADACCB31}.Debug|Any CPU.Build.0 = Debug|Any CPU
		{FEF678DC-D1DF-47F6-8971-E406ADACCB31}.Debug|ARM.ActiveCfg = Debug|Any CPU
		{FEF678DC-D1DF-47F6-8971-E406ADACCB31}.Debug|ARM.Build.0 = Debug|Any CPU
		{FEF678DC-D1DF-47F6-8971-E406ADACCB31}.Debug|x64.ActiveCfg = Debug|Any CPU
		{FEF678DC-D1DF-47F6-8971-E406ADACCB31}.Debug|x64.Build.0 = Debug|Any CPU
		{FEF678DC-D1DF-47F6-8971-E406ADACCB31}.Debug|x86.ActiveCfg = Debug|Any CPU
		{FEF678DC-D1DF-47F6-8971-E406ADACCB31}.Debug|x86.Build.0 = Debug|Any CPU
		{FEF678DC-D1DF-47F6-8971-E406ADACCB31}.Release|Any CPU.ActiveCfg = Release|Any CPU
		{FEF678DC-D1DF-47F6-8971-E406ADACCB31}.Release|Any CPU.Build.0 = Release|Any CPU
		{FEF678DC-D1DF-47F6-8971-E406ADACCB31}.Release|ARM.ActiveCfg = Release|Any CPU
		{FEF678DC-D1DF-47F6-8971-E406ADACCB31}.Release|ARM.Build.0 = Release|Any CPU
		{FEF678DC-D1DF-47F6-8971-E406ADACCB31}.Release|x64.ActiveCfg = Release|Any CPU
		{FEF678DC-D1DF-47F6-8971-E406ADACCB31}.Release|x64.Build.0 = Release|Any CPU
		{FEF678DC-D1DF-47F6-8971-E406ADACCB31}.Release|x86.ActiveCfg = Release|Any CPU
		{FEF678DC-D1DF-47F6-8971-E406ADACCB31}.Release|x86.Build.0 = Release|Any CPU
		{4C7EA68C-F6E7-46C2-B87F-ECE5B02EEEC8}.AppStore|Any CPU.ActiveCfg = Release|x64
		{4C7EA68C-F6E7-46C2-B87F-ECE5B02EEEC8}.AppStore|Any CPU.Build.0 = Release|x64
		{4C7EA68C-F6E7-46C2-B87F-ECE5B02EEEC8}.AppStore|Any CPU.Deploy.0 = Release|x64
		{4C7EA68C-F6E7-46C2-B87F-ECE5B02EEEC8}.AppStore|ARM.ActiveCfg = Release|ARM
		{4C7EA68C-F6E7-46C2-B87F-ECE5B02EEEC8}.AppStore|ARM.Build.0 = Release|ARM
		{4C7EA68C-F6E7-46C2-B87F-ECE5B02EEEC8}.AppStore|ARM.Deploy.0 = Release|ARM
		{4C7EA68C-F6E7-46C2-B87F-ECE5B02EEEC8}.AppStore|x64.ActiveCfg = Release|x64
		{4C7EA68C-F6E7-46C2-B87F-ECE5B02EEEC8}.AppStore|x64.Build.0 = Release|x64
		{4C7EA68C-F6E7-46C2-B87F-ECE5B02EEEC8}.AppStore|x64.Deploy.0 = Release|x64
		{4C7EA68C-F6E7-46C2-B87F-ECE5B02EEEC8}.AppStore|x86.ActiveCfg = Release|x86
		{4C7EA68C-F6E7-46C2-B87F-ECE5B02EEEC8}.AppStore|x86.Build.0 = Release|x86
		{4C7EA68C-F6E7-46C2-B87F-ECE5B02EEEC8}.AppStore|x86.Deploy.0 = Release|x86
		{4C7EA68C-F6E7-46C2-B87F-ECE5B02EEEC8}.Debug|Any CPU.ActiveCfg = Debug|x86
		{4C7EA68C-F6E7-46C2-B87F-ECE5B02EEEC8}.Debug|ARM.ActiveCfg = Debug|ARM
		{4C7EA68C-F6E7-46C2-B87F-ECE5B02EEEC8}.Debug|ARM.Build.0 = Debug|ARM
		{4C7EA68C-F6E7-46C2-B87F-ECE5B02EEEC8}.Debug|ARM.Deploy.0 = Debug|ARM
		{4C7EA68C-F6E7-46C2-B87F-ECE5B02EEEC8}.Debug|x64.ActiveCfg = Debug|x64
		{4C7EA68C-F6E7-46C2-B87F-ECE5B02EEEC8}.Debug|x64.Build.0 = Debug|x64
		{4C7EA68C-F6E7-46C2-B87F-ECE5B02EEEC8}.Debug|x64.Deploy.0 = Debug|x64
		{4C7EA68C-F6E7-46C2-B87F-ECE5B02EEEC8}.Debug|x86.ActiveCfg = Debug|x86
		{4C7EA68C-F6E7-46C2-B87F-ECE5B02EEEC8}.Debug|x86.Build.0 = Debug|x86
		{4C7EA68C-F6E7-46C2-B87F-ECE5B02EEEC8}.Debug|x86.Deploy.0 = Debug|x86
		{4C7EA68C-F6E7-46C2-B87F-ECE5B02EEEC8}.Release|Any CPU.ActiveCfg = Release|x86
		{4C7EA68C-F6E7-46C2-B87F-ECE5B02EEEC8}.Release|ARM.ActiveCfg = Release|ARM
		{4C7EA68C-F6E7-46C2-B87F-ECE5B02EEEC8}.Release|ARM.Build.0 = Release|ARM
		{4C7EA68C-F6E7-46C2-B87F-ECE5B02EEEC8}.Release|ARM.Deploy.0 = Release|ARM
		{4C7EA68C-F6E7-46C2-B87F-ECE5B02EEEC8}.Release|x64.ActiveCfg = Release|x64
		{4C7EA68C-F6E7-46C2-B87F-ECE5B02EEEC8}.Release|x64.Build.0 = Release|x64
		{4C7EA68C-F6E7-46C2-B87F-ECE5B02EEEC8}.Release|x64.Deploy.0 = Release|x64
		{4C7EA68C-F6E7-46C2-B87F-ECE5B02EEEC8}.Release|x86.ActiveCfg = Release|x86
		{4C7EA68C-F6E7-46C2-B87F-ECE5B02EEEC8}.Release|x86.Build.0 = Release|x86
		{4C7EA68C-F6E7-46C2-B87F-ECE5B02EEEC8}.Release|x86.Deploy.0 = Release|x86
		{0EDA6BC1-0F4A-47C1-82C6-7D03C8621229}.AppStore|Any CPU.ActiveCfg = Release|Any CPU
		{0EDA6BC1-0F4A-47C1-82C6-7D03C8621229}.AppStore|Any CPU.Build.0 = Release|Any CPU
		{0EDA6BC1-0F4A-47C1-82C6-7D03C8621229}.AppStore|ARM.ActiveCfg = Release|ARM
		{0EDA6BC1-0F4A-47C1-82C6-7D03C8621229}.AppStore|ARM.Build.0 = Release|ARM
		{0EDA6BC1-0F4A-47C1-82C6-7D03C8621229}.AppStore|x64.ActiveCfg = Release|x64
		{0EDA6BC1-0F4A-47C1-82C6-7D03C8621229}.AppStore|x64.Build.0 = Release|x64
		{0EDA6BC1-0F4A-47C1-82C6-7D03C8621229}.AppStore|x86.ActiveCfg = Release|x86
		{0EDA6BC1-0F4A-47C1-82C6-7D03C8621229}.AppStore|x86.Build.0 = Release|x86
		{0EDA6BC1-0F4A-47C1-82C6-7D03C8621229}.Debug|Any CPU.ActiveCfg = Debug|Any CPU
		{0EDA6BC1-0F4A-47C1-82C6-7D03C8621229}.Debug|Any CPU.Build.0 = Debug|Any CPU
		{0EDA6BC1-0F4A-47C1-82C6-7D03C8621229}.Debug|ARM.ActiveCfg = Debug|ARM
		{0EDA6BC1-0F4A-47C1-82C6-7D03C8621229}.Debug|ARM.Build.0 = Debug|ARM
		{0EDA6BC1-0F4A-47C1-82C6-7D03C8621229}.Debug|x64.ActiveCfg = Debug|x64
		{0EDA6BC1-0F4A-47C1-82C6-7D03C8621229}.Debug|x64.Build.0 = Debug|x64
		{0EDA6BC1-0F4A-47C1-82C6-7D03C8621229}.Debug|x86.ActiveCfg = Debug|x86
		{0EDA6BC1-0F4A-47C1-82C6-7D03C8621229}.Debug|x86.Build.0 = Debug|x86
		{0EDA6BC1-0F4A-47C1-82C6-7D03C8621229}.Release|Any CPU.ActiveCfg = Release|Any CPU
		{0EDA6BC1-0F4A-47C1-82C6-7D03C8621229}.Release|Any CPU.Build.0 = Release|Any CPU
		{0EDA6BC1-0F4A-47C1-82C6-7D03C8621229}.Release|ARM.ActiveCfg = Release|ARM
		{0EDA6BC1-0F4A-47C1-82C6-7D03C8621229}.Release|ARM.Build.0 = Release|ARM
		{0EDA6BC1-0F4A-47C1-82C6-7D03C8621229}.Release|x64.ActiveCfg = Release|x64
		{0EDA6BC1-0F4A-47C1-82C6-7D03C8621229}.Release|x64.Build.0 = Release|x64
		{0EDA6BC1-0F4A-47C1-82C6-7D03C8621229}.Release|x86.ActiveCfg = Release|x86
		{0EDA6BC1-0F4A-47C1-82C6-7D03C8621229}.Release|x86.Build.0 = Release|x86
	EndGlobalSection
	GlobalSection(SolutionProperties) = preSolution
		HideSolutionNode = FALSE
	EndGlobalSection
	GlobalSection(ExtensibilityGlobals) = postSolution
		SolutionGuid = {544D711D-3F48-4044-9E01-CDAA80D0CDFD}
	EndGlobalSection
EndGlobal
