
Microsoft Visual Studio Solution File, Format Version 12.00
# Visual Studio 14
VisualStudioVersion = 14.0.25420.1
MinimumVisualStudioVersion = 10.0.40219.1
Project("{FAE04EC0-301F-11D3-BF4B-00C04F79EFBC}") = "SecureStorageSample", "SecureStorageSample\SecureStorageSample.csproj", "{45C53FA5-10D1-4943-887A-060EB77D522A}"
EndProject
Project("{FAE04EC0-301F-11D3-BF4B-00C04F79EFBC}") = "SecureStorageSample.iOS", "iOS\SecureStorageSample.iOS.csproj", "{746D3ACC-EC16-450D-9688-6651D42B5859}"
EndProject
Project("{FAE04EC0-301F-11D3-BF4B-00C04F79EFBC}") = "SecureStorageSample.Droid", "Droid\SecureStorageSample.Droid.csproj", "{F746C516-2CA3-4DB0-8F54-8CBDC3E226B6}"
EndProject
Project("{FAE04EC0-301F-11D3-BF4B-00C04F79EFBC}") = "SecureStorageSample.Mac", "SecureStorageSample.Mac\SecureStorageSample.Mac.csproj", "{0852DE25-550D-4BA8-A273-8AC718AB67DE}"
EndProject
Global
	GlobalSection(SolutionConfigurationPlatforms) = preSolution
		Debug|Any CPU = Debug|Any CPU
		Debug|iPhone = Debug|iPhone
		Debug|iPhoneSimulator = Debug|iPhoneSimulator
		Release|Any CPU = Release|Any CPU
		Release|iPhone = Release|iPhone
		Release|iPhoneSimulator = Release|iPhoneSimulator
	EndGlobalSection
	GlobalSection(ProjectConfigurationPlatforms) = postSolution
		{45C53FA5-10D1-4943-887A-060EB77D522A}.Debug|Any CPU.ActiveCfg = Debug|Any CPU
		{45C53FA5-10D1-4943-887A-060EB77D522A}.Debug|Any CPU.Build.0 = Debug|Any CPU
		{45C53FA5-10D1-4943-887A-060EB77D522A}.Debug|iPhone.ActiveCfg = Debug|Any CPU
		{45C53FA5-10D1-4943-887A-060EB77D522A}.Debug|iPhone.Build.0 = Debug|Any CPU
		{45C53FA5-10D1-4943-887A-060EB77D522A}.Debug|iPhoneSimulator.ActiveCfg = Debug|Any CPU
		{45C53FA5-10D1-4943-887A-060EB77D522A}.Debug|iPhoneSimulator.Build.0 = Debug|Any CPU
		{45C53FA5-10D1-4943-887A-060EB77D522A}.Release|Any CPU.ActiveCfg = Release|Any CPU
		{45C53FA5-10D1-4943-887A-060EB77D522A}.Release|Any CPU.Build.0 = Release|Any CPU
		{45C53FA5-10D1-4943-887A-060EB77D522A}.Release|iPhone.ActiveCfg = Release|Any CPU
		{45C53FA5-10D1-4943-887A-060EB77D522A}.Release|iPhone.Build.0 = Release|Any CPU
		{45C53FA5-10D1-4943-887A-060EB77D522A}.Release|iPhoneSimulator.ActiveCfg = Release|Any CPU
		{45C53FA5-10D1-4943-887A-060EB77D522A}.Release|iPhoneSimulator.Build.0 = Release|Any CPU
		{746D3ACC-EC16-450D-9688-6651D42B5859}.Debug|Any CPU.ActiveCfg = Debug|iPhoneSimulator
		{746D3ACC-EC16-450D-9688-6651D42B5859}.Debug|Any CPU.Build.0 = Debug|iPhoneSimulator
		{746D3ACC-EC16-450D-9688-6651D42B5859}.Debug|iPhone.ActiveCfg = Debug|iPhone
		{746D3ACC-EC16-450D-9688-6651D42B5859}.Debug|iPhone.Build.0 = Debug|iPhone
		{746D3ACC-EC16-450D-9688-6651D42B5859}.Debug|iPhoneSimulator.ActiveCfg = Debug|iPhoneSimulator
		{746D3ACC-EC16-450D-9688-6651D42B5859}.Debug|iPhoneSimulator.Build.0 = Debug|iPhoneSimulator
		{746D3ACC-EC16-450D-9688-6651D42B5859}.Release|Any CPU.ActiveCfg = Release|iPhone
		{746D3ACC-EC16-450D-9688-6651D42B5859}.Release|Any CPU.Build.0 = Release|iPhone
		{746D3ACC-EC16-450D-9688-6651D42B5859}.Release|iPhone.ActiveCfg = Release|iPhone
		{746D3ACC-EC16-450D-9688-6651D42B5859}.Release|iPhone.Build.0 = Release|iPhone
		{746D3ACC-EC16-450D-9688-6651D42B5859}.Release|iPhoneSimulator.ActiveCfg = Release|iPhoneSimulator
		{746D3ACC-EC16-450D-9688-6651D42B5859}.Release|iPhoneSimulator.Build.0 = Release|iPhoneSimulator
		{F746C516-2CA3-4DB0-8F54-8CBDC3E226B6}.Debug|Any CPU.ActiveCfg = Debug|Any CPU
		{F746C516-2CA3-4DB0-8F54-8CBDC3E226B6}.Debug|Any CPU.Build.0 = Debug|Any CPU
		{F746C516-2CA3-4DB0-8F54-8CBDC3E226B6}.Debug|Any CPU.Deploy.0 = Debug|Any CPU
		{F746C516-2CA3-4DB0-8F54-8CBDC3E226B6}.Debug|iPhone.ActiveCfg = Debug|Any CPU
		{F746C516-2CA3-4DB0-8F54-8CBDC3E226B6}.Debug|iPhone.Build.0 = Debug|Any CPU
		{F746C516-2CA3-4DB0-8F54-8CBDC3E226B6}.Debug|iPhoneSimulator.ActiveCfg = Debug|Any CPU
		{F746C516-2CA3-4DB0-8F54-8CBDC3E226B6}.Debug|iPhoneSimulator.Build.0 = Debug|Any CPU
		{F746C516-2CA3-4DB0-8F54-8CBDC3E226B6}.Release|Any CPU.ActiveCfg = Release|Any CPU
		{F746C516-2CA3-4DB0-8F54-8CBDC3E226B6}.Release|Any CPU.Build.0 = Release|Any CPU
		{F746C516-2CA3-4DB0-8F54-8CBDC3E226B6}.Release|iPhone.ActiveCfg = Release|Any CPU
		{F746C516-2CA3-4DB0-8F54-8CBDC3E226B6}.Release|iPhone.Build.0 = Release|Any CPU
		{F746C516-2CA3-4DB0-8F54-8CBDC3E226B6}.Release|iPhoneSimulator.ActiveCfg = Release|Any CPU
		{F746C516-2CA3-4DB0-8F54-8CBDC3E226B6}.Release|iPhoneSimulator.Build.0 = Release|Any CPU
		{0852DE25-550D-4BA8-A273-8AC718AB67DE}.Debug|Any CPU.ActiveCfg = Debug|Any CPU
		{0852DE25-550D-4BA8-A273-8AC718AB67DE}.Debug|Any CPU.Build.0 = Debug|Any CPU
		{0852DE25-550D-4BA8-A273-8AC718AB67DE}.Debug|iPhone.ActiveCfg = Debug|Any CPU
		{0852DE25-550D-4BA8-A273-8AC718AB67DE}.Debug|iPhone.Build.0 = Debug|Any CPU
		{0852DE25-550D-4BA8-A273-8AC718AB67DE}.Debug|iPhoneSimulator.ActiveCfg = Debug|Any CPU
		{0852DE25-550D-4BA8-A273-8AC718AB67DE}.Debug|iPhoneSimulator.Build.0 = Debug|Any CPU
		{0852DE25-550D-4BA8-A273-8AC718AB67DE}.Release|Any CPU.ActiveCfg = Release|Any CPU
		{0852DE25-550D-4BA8-A273-8AC718AB67DE}.Release|Any CPU.Build.0 = Release|Any CPU
		{0852DE25-550D-4BA8-A273-8AC718AB67DE}.Release|iPhone.ActiveCfg = Release|Any CPU
		{0852DE25-550D-4BA8-A273-8AC718AB67DE}.Release|iPhone.Build.0 = Release|Any CPU
		{0852DE25-550D-4BA8-A273-8AC718AB67DE}.Release|iPhoneSimulator.ActiveCfg = Release|Any CPU
		{0852DE25-550D-4BA8-A273-8AC718AB67DE}.Release|iPhoneSimulator.Build.0 = Release|Any CPU
	EndGlobalSection
	GlobalSection(SolutionProperties) = preSolution
		HideSolutionNode = FALSE
	EndGlobalSection
	GlobalSection(SolutionProperties) = preSolution
		HideSolutionNode = FALSE
	EndGlobalSection
EndGlobal
