
Microsoft Visual Studio Solution File, Format Version 12.00
# Visual Studio 15
VisualStudioVersion = 15.0.27130.2010
MinimumVisualStudioVersion = 10.0.40219.1
Project("{FAE04EC0-301F-11D3-BF4B-00C04F79EFBC}") = "SecureStorageSample.Android", "SecureStorageSample\SecureStorageSample.Android\SecureStorageSample.Android.csproj", "{0CD6D3B1-026F-4935-BCD8-37B3AB496693}"
EndProject
Project("{FAE04EC0-301F-11D3-BF4B-00C04F79EFBC}") = "SecureStorageSample.iOS", "SecureStorageSample\SecureStorageSample.iOS\SecureStorageSample.iOS.csproj", "{3D3A34FD-F5C4-4ACD-97CF-1E80946B1AA1}"
EndProject
Project("{FAE04EC0-301F-11D3-BF4B-00C04F79EFBC}") = "SecureStorageSample.UWP", "SecureStorageSample\SecureStorageSample.UWP\SecureStorageSample.UWP.csproj", "{A323FAF1-F514-42E1-A70A-1EE5D0DE55F4}"
EndProject
Project("{FAE04EC0-301F-11D3-BF4B-00C04F79EFBC}") = "SecureStorageSample", "SecureStorageSample\SecureStorageSample\SecureStorageSample.csproj", "{0FE0C4BC-60A6-47E8-AD7B-65142BD92448}"
EndProject
Project("{FAE04EC0-301F-11D3-BF4B-00C04F79EFBC}") = "SecureStorageSample.Mac", "SecureStorageSample\SecureStorageSample.Mac\SecureStorageSample.Mac.csproj", "{298F8069-522F-4EEC-A2BC-99D2568B2193}"
EndProject
Global
	GlobalSection(SolutionConfigurationPlatforms) = preSolution
		Ad-Hoc|Any CPU = Ad-Hoc|Any CPU
		Ad-Hoc|ARM = Ad-Hoc|ARM
		Ad-Hoc|iPhone = Ad-Hoc|iPhone
		Ad-Hoc|iPhoneSimulator = Ad-Hoc|iPhoneSimulator
		Ad-Hoc|x64 = Ad-Hoc|x64
		Ad-Hoc|x86 = Ad-Hoc|x86
		AppStore|Any CPU = AppStore|Any CPU
		AppStore|ARM = AppStore|ARM
		AppStore|iPhone = AppStore|iPhone
		AppStore|iPhoneSimulator = AppStore|iPhoneSimulator
		AppStore|x64 = AppStore|x64
		AppStore|x86 = AppStore|x86
		Debug|Any CPU = Debug|Any CPU
		Debug|ARM = Debug|ARM
		Debug|iPhone = Debug|iPhone
		Debug|iPhoneSimulator = Debug|iPhoneSimulator
		Debug|x64 = Debug|x64
		Debug|x86 = Debug|x86
		Release|Any CPU = Release|Any CPU
		Release|ARM = Release|ARM
		Release|iPhone = Release|iPhone
		Release|iPhoneSimulator = Release|iPhoneSimulator
		Release|x64 = Release|x64
		Release|x86 = Release|x86
	EndGlobalSection
	GlobalSection(ProjectConfigurationPlatforms) = postSolution
		{0CD6D3B1-026F-4935-BCD8-37B3AB496693}.Ad-Hoc|Any CPU.ActiveCfg = Release|Any CPU
		{0CD6D3B1-026F-4935-BCD8-37B3AB496693}.Ad-Hoc|Any CPU.Build.0 = Release|Any CPU
		{0CD6D3B1-026F-4935-BCD8-37B3AB496693}.Ad-Hoc|Any CPU.Deploy.0 = Release|Any CPU
		{0CD6D3B1-026F-4935-BCD8-37B3AB496693}.Ad-Hoc|ARM.ActiveCfg = Release|Any CPU
		{0CD6D3B1-026F-4935-BCD8-37B3AB496693}.Ad-Hoc|ARM.Build.0 = Release|Any CPU
		{0CD6D3B1-026F-4935-BCD8-37B3AB496693}.Ad-Hoc|ARM.Deploy.0 = Release|Any CPU
		{0CD6D3B1-026F-4935-BCD8-37B3AB496693}.Ad-Hoc|iPhone.ActiveCfg = Release|Any CPU
		{0CD6D3B1-026F-4935-BCD8-37B3AB496693}.Ad-Hoc|iPhone.Build.0 = Release|Any CPU
		{0CD6D3B1-026F-4935-BCD8-37B3AB496693}.Ad-Hoc|iPhone.Deploy.0 = Release|Any CPU
		{0CD6D3B1-026F-4935-BCD8-37B3AB496693}.Ad-Hoc|iPhoneSimulator.ActiveCfg = Release|Any CPU
		{0CD6D3B1-026F-4935-BCD8-37B3AB496693}.Ad-Hoc|iPhoneSimulator.Build.0 = Release|Any CPU
		{0CD6D3B1-026F-4935-BCD8-37B3AB496693}.Ad-Hoc|iPhoneSimulator.Deploy.0 = Release|Any CPU
		{0CD6D3B1-026F-4935-BCD8-37B3AB496693}.Ad-Hoc|x64.ActiveCfg = Release|Any CPU
		{0CD6D3B1-026F-4935-BCD8-37B3AB496693}.Ad-Hoc|x64.Build.0 = Release|Any CPU
		{0CD6D3B1-026F-4935-BCD8-37B3AB496693}.Ad-Hoc|x64.Deploy.0 = Release|Any CPU
		{0CD6D3B1-026F-4935-BCD8-37B3AB496693}.Ad-Hoc|x86.ActiveCfg = Release|Any CPU
		{0CD6D3B1-026F-4935-BCD8-37B3AB496693}.Ad-Hoc|x86.Build.0 = Release|Any CPU
		{0CD6D3B1-026F-4935-BCD8-37B3AB496693}.Ad-Hoc|x86.Deploy.0 = Release|Any CPU
		{0CD6D3B1-026F-4935-BCD8-37B3AB496693}.AppStore|Any CPU.ActiveCfg = Release|Any CPU
		{0CD6D3B1-026F-4935-BCD8-37B3AB496693}.AppStore|Any CPU.Build.0 = Release|Any CPU
		{0CD6D3B1-026F-4935-BCD8-37B3AB496693}.AppStore|Any CPU.Deploy.0 = Release|Any CPU
		{0CD6D3B1-026F-4935-BCD8-37B3AB496693}.AppStore|ARM.ActiveCfg = Release|Any CPU
		{0CD6D3B1-026F-4935-BCD8-37B3AB496693}.AppStore|ARM.Build.0 = Release|Any CPU
		{0CD6D3B1-026F-4935-BCD8-37B3AB496693}.AppStore|ARM.Deploy.0 = Release|Any CPU
		{0CD6D3B1-026F-4935-BCD8-37B3AB496693}.AppStore|iPhone.ActiveCfg = Release|Any CPU
		{0CD6D3B1-026F-4935-BCD8-37B3AB496693}.AppStore|iPhone.Build.0 = Release|Any CPU
		{0CD6D3B1-026F-4935-BCD8-37B3AB496693}.AppStore|iPhone.Deploy.0 = Release|Any CPU
		{0CD6D3B1-026F-4935-BCD8-37B3AB496693}.AppStore|iPhoneSimulator.ActiveCfg = Release|Any CPU
		{0CD6D3B1-026F-4935-BCD8-37B3AB496693}.AppStore|iPhoneSimulator.Build.0 = Release|Any CPU
		{0CD6D3B1-026F-4935-BCD8-37B3AB496693}.AppStore|iPhoneSimulator.Deploy.0 = Release|Any CPU
		{0CD6D3B1-026F-4935-BCD8-37B3AB496693}.AppStore|x64.ActiveCfg = Release|Any CPU
		{0CD6D3B1-026F-4935-BCD8-37B3AB496693}.AppStore|x64.Build.0 = Release|Any CPU
		{0CD6D3B1-026F-4935-BCD8-37B3AB496693}.AppStore|x64.Deploy.0 = Release|Any CPU
		{0CD6D3B1-026F-4935-BCD8-37B3AB496693}.AppStore|x86.ActiveCfg = Release|Any CPU
		{0CD6D3B1-026F-4935-BCD8-37B3AB496693}.AppStore|x86.Build.0 = Release|Any CPU
		{0CD6D3B1-026F-4935-BCD8-37B3AB496693}.AppStore|x86.Deploy.0 = Release|Any CPU
		{0CD6D3B1-026F-4935-BCD8-37B3AB496693}.Debug|Any CPU.ActiveCfg = Debug|Any CPU
		{0CD6D3B1-026F-4935-BCD8-37B3AB496693}.Debug|Any CPU.Build.0 = Debug|Any CPU
		{0CD6D3B1-026F-4935-BCD8-37B3AB496693}.Debug|Any CPU.Deploy.0 = Debug|Any CPU
		{0CD6D3B1-026F-4935-BCD8-37B3AB496693}.Debug|ARM.ActiveCfg = Debug|Any CPU
		{0CD6D3B1-026F-4935-BCD8-37B3AB496693}.Debug|ARM.Build.0 = Debug|Any CPU
		{0CD6D3B1-026F-4935-BCD8-37B3AB496693}.Debug|ARM.Deploy.0 = Debug|Any CPU
		{0CD6D3B1-026F-4935-BCD8-37B3AB496693}.Debug|iPhone.ActiveCfg = Debug|Any CPU
		{0CD6D3B1-026F-4935-BCD8-37B3AB496693}.Debug|iPhone.Build.0 = Debug|Any CPU
		{0CD6D3B1-026F-4935-BCD8-37B3AB496693}.Debug|iPhone.Deploy.0 = Debug|Any CPU
		{0CD6D3B1-026F-4935-BCD8-37B3AB496693}.Debug|iPhoneSimulator.ActiveCfg = Debug|Any CPU
		{0CD6D3B1-026F-4935-BCD8-37B3AB496693}.Debug|iPhoneSimulator.Build.0 = Debug|Any CPU
		{0CD6D3B1-026F-4935-BCD8-37B3AB496693}.Debug|iPhoneSimulator.Deploy.0 = Debug|Any CPU
		{0CD6D3B1-026F-4935-BCD8-37B3AB496693}.Debug|x64.ActiveCfg = Debug|Any CPU
		{0CD6D3B1-026F-4935-BCD8-37B3AB496693}.Debug|x64.Build.0 = Debug|Any CPU
		{0CD6D3B1-026F-4935-BCD8-37B3AB496693}.Debug|x64.Deploy.0 = Debug|Any CPU
		{0CD6D3B1-026F-4935-BCD8-37B3AB496693}.Debug|x86.ActiveCfg = Debug|Any CPU
		{0CD6D3B1-026F-4935-BCD8-37B3AB496693}.Debug|x86.Build.0 = Debug|Any CPU
		{0CD6D3B1-026F-4935-BCD8-37B3AB496693}.Debug|x86.Deploy.0 = Debug|Any CPU
		{0CD6D3B1-026F-4935-BCD8-37B3AB496693}.Release|Any CPU.ActiveCfg = Release|Any CPU
		{0CD6D3B1-026F-4935-BCD8-37B3AB496693}.Release|Any CPU.Build.0 = Release|Any CPU
		{0CD6D3B1-026F-4935-BCD8-37B3AB496693}.Release|Any CPU.Deploy.0 = Release|Any CPU
		{0CD6D3B1-026F-4935-BCD8-37B3AB496693}.Release|ARM.ActiveCfg = Release|Any CPU
		{0CD6D3B1-026F-4935-BCD8-37B3AB496693}.Release|ARM.Build.0 = Release|Any CPU
		{0CD6D3B1-026F-4935-BCD8-37B3AB496693}.Release|ARM.Deploy.0 = Release|Any CPU
		{0CD6D3B1-026F-4935-BCD8-37B3AB496693}.Release|iPhone.ActiveCfg = Release|Any CPU
		{0CD6D3B1-026F-4935-BCD8-37B3AB496693}.Release|iPhone.Build.0 = Release|Any CPU
		{0CD6D3B1-026F-4935-BCD8-37B3AB496693}.Release|iPhone.Deploy.0 = Release|Any CPU
		{0CD6D3B1-026F-4935-BCD8-37B3AB496693}.Release|iPhoneSimulator.ActiveCfg = Release|Any CPU
		{0CD6D3B1-026F-4935-BCD8-37B3AB496693}.Release|iPhoneSimulator.Build.0 = Release|Any CPU
		{0CD6D3B1-026F-4935-BCD8-37B3AB496693}.Release|iPhoneSimulator.Deploy.0 = Release|Any CPU
		{0CD6D3B1-026F-4935-BCD8-37B3AB496693}.Release|x64.ActiveCfg = Release|Any CPU
		{0CD6D3B1-026F-4935-BCD8-37B3AB496693}.Release|x64.Build.0 = Release|Any CPU
		{0CD6D3B1-026F-4935-BCD8-37B3AB496693}.Release|x64.Deploy.0 = Release|Any CPU
		{0CD6D3B1-026F-4935-BCD8-37B3AB496693}.Release|x86.ActiveCfg = Release|Any CPU
		{0CD6D3B1-026F-4935-BCD8-37B3AB496693}.Release|x86.Build.0 = Release|Any CPU
		{0CD6D3B1-026F-4935-BCD8-37B3AB496693}.Release|x86.Deploy.0 = Release|Any CPU
		{3D3A34FD-F5C4-4ACD-97CF-1E80946B1AA1}.Ad-Hoc|Any CPU.ActiveCfg = Ad-Hoc|iPhone
		{3D3A34FD-F5C4-4ACD-97CF-1E80946B1AA1}.Ad-Hoc|ARM.ActiveCfg = Ad-Hoc|iPhone
		{3D3A34FD-F5C4-4ACD-97CF-1E80946B1AA1}.Ad-Hoc|iPhone.ActiveCfg = Ad-Hoc|iPhone
		{3D3A34FD-F5C4-4ACD-97CF-1E80946B1AA1}.Ad-Hoc|iPhone.Build.0 = Ad-Hoc|iPhone
		{3D3A34FD-F5C4-4ACD-97CF-1E80946B1AA1}.Ad-Hoc|iPhoneSimulator.ActiveCfg = Ad-Hoc|iPhoneSimulator
		{3D3A34FD-F5C4-4ACD-97CF-1E80946B1AA1}.Ad-Hoc|iPhoneSimulator.Build.0 = Ad-Hoc|iPhoneSimulator
		{3D3A34FD-F5C4-4ACD-97CF-1E80946B1AA1}.Ad-Hoc|x64.ActiveCfg = Ad-Hoc|iPhone
		{3D3A34FD-F5C4-4ACD-97CF-1E80946B1AA1}.Ad-Hoc|x86.ActiveCfg = Ad-Hoc|iPhone
		{3D3A34FD-F5C4-4ACD-97CF-1E80946B1AA1}.AppStore|Any CPU.ActiveCfg = AppStore|iPhone
		{3D3A34FD-F5C4-4ACD-97CF-1E80946B1AA1}.AppStore|ARM.ActiveCfg = AppStore|iPhone
		{3D3A34FD-F5C4-4ACD-97CF-1E80946B1AA1}.AppStore|iPhone.ActiveCfg = AppStore|iPhone
		{3D3A34FD-F5C4-4ACD-97CF-1E80946B1AA1}.AppStore|iPhone.Build.0 = AppStore|iPhone
		{3D3A34FD-F5C4-4ACD-97CF-1E80946B1AA1}.AppStore|iPhoneSimulator.ActiveCfg = AppStore|iPhoneSimulator
		{3D3A34FD-F5C4-4ACD-97CF-1E80946B1AA1}.AppStore|iPhoneSimulator.Build.0 = AppStore|iPhoneSimulator
		{3D3A34FD-F5C4-4ACD-97CF-1E80946B1AA1}.AppStore|x64.ActiveCfg = AppStore|iPhone
		{3D3A34FD-F5C4-4ACD-97CF-1E80946B1AA1}.AppStore|x86.ActiveCfg = AppStore|iPhone
		{3D3A34FD-F5C4-4ACD-97CF-1E80946B1AA1}.Debug|Any CPU.ActiveCfg = Debug|iPhone
		{3D3A34FD-F5C4-4ACD-97CF-1E80946B1AA1}.Debug|Any CPU.Build.0 = Debug|iPhone
		{3D3A34FD-F5C4-4ACD-97CF-1E80946B1AA1}.Debug|ARM.ActiveCfg = Debug|iPhone
		{3D3A34FD-F5C4-4ACD-97CF-1E80946B1AA1}.Debug|iPhone.ActiveCfg = Debug|iPhone
		{3D3A34FD-F5C4-4ACD-97CF-1E80946B1AA1}.Debug|iPhone.Build.0 = Debug|iPhone
		{3D3A34FD-F5C4-4ACD-97CF-1E80946B1AA1}.Debug|iPhoneSimulator.ActiveCfg = Debug|iPhoneSimulator
		{3D3A34FD-F5C4-4ACD-97CF-1E80946B1AA1}.Debug|iPhoneSimulator.Build.0 = Debug|iPhoneSimulator
		{3D3A34FD-F5C4-4ACD-97CF-1E80946B1AA1}.Debug|x64.ActiveCfg = Debug|iPhone
		{3D3A34FD-F5C4-4ACD-97CF-1E80946B1AA1}.Debug|x86.ActiveCfg = Debug|iPhone
		{3D3A34FD-F5C4-4ACD-97CF-1E80946B1AA1}.Release|Any CPU.ActiveCfg = Release|iPhone
		{3D3A34FD-F5C4-4ACD-97CF-1E80946B1AA1}.Release|ARM.ActiveCfg = Release|iPhone
		{3D3A34FD-F5C4-4ACD-97CF-1E80946B1AA1}.Release|iPhone.ActiveCfg = Release|iPhone
		{3D3A34FD-F5C4-4ACD-97CF-1E80946B1AA1}.Release|iPhone.Build.0 = Release|iPhone
		{3D3A34FD-F5C4-4ACD-97CF-1E80946B1AA1}.Release|iPhoneSimulator.ActiveCfg = Release|iPhoneSimulator
		{3D3A34FD-F5C4-4ACD-97CF-1E80946B1AA1}.Release|iPhoneSimulator.Build.0 = Release|iPhoneSimulator
		{3D3A34FD-F5C4-4ACD-97CF-1E80946B1AA1}.Release|x64.ActiveCfg = Release|iPhone
		{3D3A34FD-F5C4-4ACD-97CF-1E80946B1AA1}.Release|x86.ActiveCfg = Release|iPhone
		{A323FAF1-F514-42E1-A70A-1EE5D0DE55F4}.Ad-Hoc|Any CPU.ActiveCfg = Release|x86
		{A323FAF1-F514-42E1-A70A-1EE5D0DE55F4}.Ad-Hoc|Any CPU.Build.0 = Release|x86
		{A323FAF1-F514-42E1-A70A-1EE5D0DE55F4}.Ad-Hoc|Any CPU.Deploy.0 = Release|x86
		{A323FAF1-F514-42E1-A70A-1EE5D0DE55F4}.Ad-Hoc|ARM.ActiveCfg = Release|ARM
		{A323FAF1-F514-42E1-A70A-1EE5D0DE55F4}.Ad-Hoc|ARM.Build.0 = Release|ARM
		{A323FAF1-F514-42E1-A70A-1EE5D0DE55F4}.Ad-Hoc|ARM.Deploy.0 = Release|ARM
		{A323FAF1-F514-42E1-A70A-1EE5D0DE55F4}.Ad-Hoc|iPhone.ActiveCfg = Release|x86
		{A323FAF1-F514-42E1-A70A-1EE5D0DE55F4}.Ad-Hoc|iPhone.Build.0 = Release|x86
		{A323FAF1-F514-42E1-A70A-1EE5D0DE55F4}.Ad-Hoc|iPhone.Deploy.0 = Release|x86
		{A323FAF1-F514-42E1-A70A-1EE5D0DE55F4}.Ad-Hoc|iPhoneSimulator.ActiveCfg = Release|x86
		{A323FAF1-F514-42E1-A70A-1EE5D0DE55F4}.Ad-Hoc|iPhoneSimulator.Build.0 = Release|x86
		{A323FAF1-F514-42E1-A70A-1EE5D0DE55F4}.Ad-Hoc|iPhoneSimulator.Deploy.0 = Release|x86
		{A323FAF1-F514-42E1-A70A-1EE5D0DE55F4}.Ad-Hoc|x64.ActiveCfg = Release|x64
		{A323FAF1-F514-42E1-A70A-1EE5D0DE55F4}.Ad-Hoc|x64.Build.0 = Release|x64
		{A323FAF1-F514-42E1-A70A-1EE5D0DE55F4}.Ad-Hoc|x64.Deploy.0 = Release|x64
		{A323FAF1-F514-42E1-A70A-1EE5D0DE55F4}.Ad-Hoc|x86.ActiveCfg = Release|x86
		{A323FAF1-F514-42E1-A70A-1EE5D0DE55F4}.Ad-Hoc|x86.Build.0 = Release|x86
		{A323FAF1-F514-42E1-A70A-1EE5D0DE55F4}.Ad-Hoc|x86.Deploy.0 = Release|x86
		{A323FAF1-F514-42E1-A70A-1EE5D0DE55F4}.AppStore|Any CPU.ActiveCfg = Release|x86
		{A323FAF1-F514-42E1-A70A-1EE5D0DE55F4}.AppStore|Any CPU.Build.0 = Release|x86
		{A323FAF1-F514-42E1-A70A-1EE5D0DE55F4}.AppStore|Any CPU.Deploy.0 = Release|x86
		{A323FAF1-F514-42E1-A70A-1EE5D0DE55F4}.AppStore|ARM.ActiveCfg = Release|ARM
		{A323FAF1-F514-42E1-A70A-1EE5D0DE55F4}.AppStore|ARM.Build.0 = Release|ARM
		{A323FAF1-F514-42E1-A70A-1EE5D0DE55F4}.AppStore|ARM.Deploy.0 = Release|ARM
		{A323FAF1-F514-42E1-A70A-1EE5D0DE55F4}.AppStore|iPhone.ActiveCfg = Release|x86
		{A323FAF1-F514-42E1-A70A-1EE5D0DE55F4}.AppStore|iPhone.Build.0 = Release|x86
		{A323FAF1-F514-42E1-A70A-1EE5D0DE55F4}.AppStore|iPhone.Deploy.0 = Release|x86
		{A323FAF1-F514-42E1-A70A-1EE5D0DE55F4}.AppStore|iPhoneSimulator.ActiveCfg = Release|x86
		{A323FAF1-F514-42E1-A70A-1EE5D0DE55F4}.AppStore|iPhoneSimulator.Build.0 = Release|x86
		{A323FAF1-F514-42E1-A70A-1EE5D0DE55F4}.AppStore|iPhoneSimulator.Deploy.0 = Release|x86
		{A323FAF1-F514-42E1-A70A-1EE5D0DE55F4}.AppStore|x64.ActiveCfg = Release|x64
		{A323FAF1-F514-42E1-A70A-1EE5D0DE55F4}.AppStore|x64.Build.0 = Release|x64
		{A323FAF1-F514-42E1-A70A-1EE5D0DE55F4}.AppStore|x64.Deploy.0 = Release|x64
		{A323FAF1-F514-42E1-A70A-1EE5D0DE55F4}.AppStore|x86.ActiveCfg = Release|x86
		{A323FAF1-F514-42E1-A70A-1EE5D0DE55F4}.AppStore|x86.Build.0 = Release|x86
		{A323FAF1-F514-42E1-A70A-1EE5D0DE55F4}.AppStore|x86.Deploy.0 = Release|x86
		{A323FAF1-F514-42E1-A70A-1EE5D0DE55F4}.Debug|Any CPU.ActiveCfg = Debug|x86
		{A323FAF1-F514-42E1-A70A-1EE5D0DE55F4}.Debug|Any CPU.Build.0 = Debug|x86
		{A323FAF1-F514-42E1-A70A-1EE5D0DE55F4}.Debug|Any CPU.Deploy.0 = Debug|x86
		{A323FAF1-F514-42E1-A70A-1EE5D0DE55F4}.Debug|ARM.ActiveCfg = Debug|ARM
		{A323FAF1-F514-42E1-A70A-1EE5D0DE55F4}.Debug|ARM.Build.0 = Debug|ARM
		{A323FAF1-F514-42E1-A70A-1EE5D0DE55F4}.Debug|ARM.Deploy.0 = Debug|ARM
		{A323FAF1-F514-42E1-A70A-1EE5D0DE55F4}.Debug|iPhone.ActiveCfg = Debug|x86
		{A323FAF1-F514-42E1-A70A-1EE5D0DE55F4}.Debug|iPhoneSimulator.ActiveCfg = Debug|x86
		{A323FAF1-F514-42E1-A70A-1EE5D0DE55F4}.Debug|x64.ActiveCfg = Debug|x64
		{A323FAF1-F514-42E1-A70A-1EE5D0DE55F4}.Debug|x64.Build.0 = Debug|x64
		{A323FAF1-F514-42E1-A70A-1EE5D0DE55F4}.Debug|x64.Deploy.0 = Debug|x64
		{A323FAF1-F514-42E1-A70A-1EE5D0DE55F4}.Debug|x86.ActiveCfg = Debug|x86
		{A323FAF1-F514-42E1-A70A-1EE5D0DE55F4}.Debug|x86.Build.0 = Debug|x86
		{A323FAF1-F514-42E1-A70A-1EE5D0DE55F4}.Debug|x86.Deploy.0 = Debug|x86
		{A323FAF1-F514-42E1-A70A-1EE5D0DE55F4}.Release|Any CPU.ActiveCfg = Release|x86
		{A323FAF1-F514-42E1-A70A-1EE5D0DE55F4}.Release|ARM.ActiveCfg = Release|ARM
		{A323FAF1-F514-42E1-A70A-1EE5D0DE55F4}.Release|ARM.Build.0 = Release|ARM
		{A323FAF1-F514-42E1-A70A-1EE5D0DE55F4}.Release|ARM.Deploy.0 = Release|ARM
		{A323FAF1-F514-42E1-A70A-1EE5D0DE55F4}.Release|iPhone.ActiveCfg = Release|x86
		{A323FAF1-F514-42E1-A70A-1EE5D0DE55F4}.Release|iPhoneSimulator.ActiveCfg = Release|x86
		{A323FAF1-F514-42E1-A70A-1EE5D0DE55F4}.Release|x64.ActiveCfg = Release|x64
		{A323FAF1-F514-42E1-A70A-1EE5D0DE55F4}.Release|x64.Build.0 = Release|x64
		{A323FAF1-F514-42E1-A70A-1EE5D0DE55F4}.Release|x64.Deploy.0 = Release|x64
		{A323FAF1-F514-42E1-A70A-1EE5D0DE55F4}.Release|x86.ActiveCfg = Release|x86
		{A323FAF1-F514-42E1-A70A-1EE5D0DE55F4}.Release|x86.Build.0 = Release|x86
		{A323FAF1-F514-42E1-A70A-1EE5D0DE55F4}.Release|x86.Deploy.0 = Release|x86
		{0FE0C4BC-60A6-47E8-AD7B-65142BD92448}.Ad-Hoc|Any CPU.ActiveCfg = Debug|Any CPU
		{0FE0C4BC-60A6-47E8-AD7B-65142BD92448}.Ad-Hoc|Any CPU.Build.0 = Debug|Any CPU
		{0FE0C4BC-60A6-47E8-AD7B-65142BD92448}.Ad-Hoc|ARM.ActiveCfg = Debug|Any CPU
		{0FE0C4BC-60A6-47E8-AD7B-65142BD92448}.Ad-Hoc|ARM.Build.0 = Debug|Any CPU
		{0FE0C4BC-60A6-47E8-AD7B-65142BD92448}.Ad-Hoc|iPhone.ActiveCfg = Debug|Any CPU
		{0FE0C4BC-60A6-47E8-AD7B-65142BD92448}.Ad-Hoc|iPhone.Build.0 = Debug|Any CPU
		{0FE0C4BC-60A6-47E8-AD7B-65142BD92448}.Ad-Hoc|iPhoneSimulator.ActiveCfg = Debug|Any CPU
		{0FE0C4BC-60A6-47E8-AD7B-65142BD92448}.Ad-Hoc|iPhoneSimulator.Build.0 = Debug|Any CPU
		{0FE0C4BC-60A6-47E8-AD7B-65142BD92448}.Ad-Hoc|x64.ActiveCfg = Debug|Any CPU
		{0FE0C4BC-60A6-47E8-AD7B-65142BD92448}.Ad-Hoc|x64.Build.0 = Debug|Any CPU
		{0FE0C4BC-60A6-47E8-AD7B-65142BD92448}.Ad-Hoc|x86.ActiveCfg = Debug|Any CPU
		{0FE0C4BC-60A6-47E8-AD7B-65142BD92448}.Ad-Hoc|x86.Build.0 = Debug|Any CPU
		{0FE0C4BC-60A6-47E8-AD7B-65142BD92448}.AppStore|Any CPU.ActiveCfg = Debug|Any CPU
		{0FE0C4BC-60A6-47E8-AD7B-65142BD92448}.AppStore|Any CPU.Build.0 = Debug|Any CPU
		{0FE0C4BC-60A6-47E8-AD7B-65142BD92448}.AppStore|ARM.ActiveCfg = Debug|Any CPU
		{0FE0C4BC-60A6-47E8-AD7B-65142BD92448}.AppStore|ARM.Build.0 = Debug|Any CPU
		{0FE0C4BC-60A6-47E8-AD7B-65142BD92448}.AppStore|iPhone.ActiveCfg = Debug|Any CPU
		{0FE0C4BC-60A6-47E8-AD7B-65142BD92448}.AppStore|iPhone.Build.0 = Debug|Any CPU
		{0FE0C4BC-60A6-47E8-AD7B-65142BD92448}.AppStore|iPhoneSimulator.ActiveCfg = Debug|Any CPU
		{0FE0C4BC-60A6-47E8-AD7B-65142BD92448}.AppStore|iPhoneSimulator.Build.0 = Debug|Any CPU
		{0FE0C4BC-60A6-47E8-AD7B-65142BD92448}.AppStore|x64.ActiveCfg = Debug|Any CPU
		{0FE0C4BC-60A6-47E8-AD7B-65142BD92448}.AppStore|x64.Build.0 = Debug|Any CPU
		{0FE0C4BC-60A6-47E8-AD7B-65142BD92448}.AppStore|x86.ActiveCfg = Debug|Any CPU
		{0FE0C4BC-60A6-47E8-AD7B-65142BD92448}.AppStore|x86.Build.0 = Debug|Any CPU
		{0FE0C4BC-60A6-47E8-AD7B-65142BD92448}.Debug|Any CPU.ActiveCfg = Debug|Any CPU
		{0FE0C4BC-60A6-47E8-AD7B-65142BD92448}.Debug|Any CPU.Build.0 = Debug|Any CPU
		{0FE0C4BC-60A6-47E8-AD7B-65142BD92448}.Debug|ARM.ActiveCfg = Debug|Any CPU
		{0FE0C4BC-60A6-47E8-AD7B-65142BD92448}.Debug|ARM.Build.0 = Debug|Any CPU
		{0FE0C4BC-60A6-47E8-AD7B-65142BD92448}.Debug|iPhone.ActiveCfg = Debug|Any CPU
		{0FE0C4BC-60A6-47E8-AD7B-65142BD92448}.Debug|iPhone.Build.0 = Debug|Any CPU
		{0FE0C4BC-60A6-47E8-AD7B-65142BD92448}.Debug|iPhoneSimulator.ActiveCfg = Debug|Any CPU
		{0FE0C4BC-60A6-47E8-AD7B-65142BD92448}.Debug|iPhoneSimulator.Build.0 = Debug|Any CPU
		{0FE0C4BC-60A6-47E8-AD7B-65142BD92448}.Debug|x64.ActiveCfg = Debug|Any CPU
		{0FE0C4BC-60A6-47E8-AD7B-65142BD92448}.Debug|x64.Build.0 = Debug|Any CPU
		{0FE0C4BC-60A6-47E8-AD7B-65142BD92448}.Debug|x86.ActiveCfg = Debug|Any CPU
		{0FE0C4BC-60A6-47E8-AD7B-65142BD92448}.Debug|x86.Build.0 = Debug|Any CPU
		{0FE0C4BC-60A6-47E8-AD7B-65142BD92448}.Release|Any CPU.ActiveCfg = Release|Any CPU
		{0FE0C4BC-60A6-47E8-AD7B-65142BD92448}.Release|Any CPU.Build.0 = Release|Any CPU
		{0FE0C4BC-60A6-47E8-AD7B-65142BD92448}.Release|ARM.ActiveCfg = Release|Any CPU
		{0FE0C4BC-60A6-47E8-AD7B-65142BD92448}.Release|ARM.Build.0 = Release|Any CPU
		{0FE0C4BC-60A6-47E8-AD7B-65142BD92448}.Release|iPhone.ActiveCfg = Release|Any CPU
		{0FE0C4BC-60A6-47E8-AD7B-65142BD92448}.Release|iPhone.Build.0 = Release|Any CPU
		{0FE0C4BC-60A6-47E8-AD7B-65142BD92448}.Release|iPhoneSimulator.ActiveCfg = Release|Any CPU
		{0FE0C4BC-60A6-47E8-AD7B-65142BD92448}.Release|iPhoneSimulator.Build.0 = Release|Any CPU
		{0FE0C4BC-60A6-47E8-AD7B-65142BD92448}.Release|x64.ActiveCfg = Release|Any CPU
		{0FE0C4BC-60A6-47E8-AD7B-65142BD92448}.Release|x64.Build.0 = Release|Any CPU
		{0FE0C4BC-60A6-47E8-AD7B-65142BD92448}.Release|x86.ActiveCfg = Release|Any CPU
		{0FE0C4BC-60A6-47E8-AD7B-65142BD92448}.Release|x86.Build.0 = Release|Any CPU
		{298F8069-522F-4EEC-A2BC-99D2568B2193}.Ad-Hoc|Any CPU.ActiveCfg = Release|iPhone
		{298F8069-522F-4EEC-A2BC-99D2568B2193}.Ad-Hoc|Any CPU.Build.0 = Release|iPhone
		{298F8069-522F-4EEC-A2BC-99D2568B2193}.Ad-Hoc|ARM.ActiveCfg = Release|iPhone
		{298F8069-522F-4EEC-A2BC-99D2568B2193}.Ad-Hoc|ARM.Build.0 = Release|iPhone
		{298F8069-522F-4EEC-A2BC-99D2568B2193}.Ad-Hoc|iPhone.ActiveCfg = Release|iPhone
		{298F8069-522F-4EEC-A2BC-99D2568B2193}.Ad-Hoc|iPhone.Build.0 = Release|iPhone
		{298F8069-522F-4EEC-A2BC-99D2568B2193}.Ad-Hoc|iPhoneSimulator.ActiveCfg = Release|iPhone
		{298F8069-522F-4EEC-A2BC-99D2568B2193}.Ad-Hoc|iPhoneSimulator.Build.0 = Release|iPhone
		{298F8069-522F-4EEC-A2BC-99D2568B2193}.Ad-Hoc|x64.ActiveCfg = Release|iPhone
		{298F8069-522F-4EEC-A2BC-99D2568B2193}.Ad-Hoc|x64.Build.0 = Release|iPhone
		{298F8069-522F-4EEC-A2BC-99D2568B2193}.Ad-Hoc|x86.ActiveCfg = Release|iPhone
		{298F8069-522F-4EEC-A2BC-99D2568B2193}.Ad-Hoc|x86.Build.0 = Release|iPhone
		{298F8069-522F-4EEC-A2BC-99D2568B2193}.AppStore|Any CPU.ActiveCfg = Release|iPhone
		{298F8069-522F-4EEC-A2BC-99D2568B2193}.AppStore|Any CPU.Build.0 = Release|iPhone
		{298F8069-522F-4EEC-A2BC-99D2568B2193}.AppStore|ARM.ActiveCfg = Release|iPhone
		{298F8069-522F-4EEC-A2BC-99D2568B2193}.AppStore|ARM.Build.0 = Release|iPhone
		{298F8069-522F-4EEC-A2BC-99D2568B2193}.AppStore|iPhone.ActiveCfg = Release|iPhone
		{298F8069-522F-4EEC-A2BC-99D2568B2193}.AppStore|iPhone.Build.0 = Release|iPhone
		{298F8069-522F-4EEC-A2BC-99D2568B2193}.AppStore|iPhoneSimulator.ActiveCfg = Release|iPhone
		{298F8069-522F-4EEC-A2BC-99D2568B2193}.AppStore|iPhoneSimulator.Build.0 = Release|iPhone
		{298F8069-522F-4EEC-A2BC-99D2568B2193}.AppStore|x64.ActiveCfg = Release|iPhone
		{298F8069-522F-4EEC-A2BC-99D2568B2193}.AppStore|x64.Build.0 = Release|iPhone
		{298F8069-522F-4EEC-A2BC-99D2568B2193}.AppStore|x86.ActiveCfg = Release|iPhone
		{298F8069-522F-4EEC-A2BC-99D2568B2193}.AppStore|x86.Build.0 = Release|iPhone
		{298F8069-522F-4EEC-A2BC-99D2568B2193}.Debug|Any CPU.ActiveCfg = Debug|iPhone
		{298F8069-522F-4EEC-A2BC-99D2568B2193}.Debug|Any CPU.Build.0 = Debug|iPhone
		{298F8069-522F-4EEC-A2BC-99D2568B2193}.Debug|ARM.ActiveCfg = Debug|iPhone
		{298F8069-522F-4EEC-A2BC-99D2568B2193}.Debug|ARM.Build.0 = Debug|iPhone
		{298F8069-522F-4EEC-A2BC-99D2568B2193}.Debug|iPhone.ActiveCfg = Debug|iPhone
		{298F8069-522F-4EEC-A2BC-99D2568B2193}.Debug|iPhone.Build.0 = Debug|iPhone
		{298F8069-522F-4EEC-A2BC-99D2568B2193}.Debug|iPhoneSimulator.ActiveCfg = Debug|iPhone
		{298F8069-522F-4EEC-A2BC-99D2568B2193}.Debug|iPhoneSimulator.Build.0 = Debug|iPhone
		{298F8069-522F-4EEC-A2BC-99D2568B2193}.Debug|x64.ActiveCfg = Debug|iPhone
		{298F8069-522F-4EEC-A2BC-99D2568B2193}.Debug|x64.Build.0 = Debug|iPhone
		{298F8069-522F-4EEC-A2BC-99D2568B2193}.Debug|x86.ActiveCfg = Debug|iPhone
		{298F8069-522F-4EEC-A2BC-99D2568B2193}.Debug|x86.Build.0 = Debug|iPhone
		{298F8069-522F-4EEC-A2BC-99D2568B2193}.Release|Any CPU.ActiveCfg = Release|iPhone
		{298F8069-522F-4EEC-A2BC-99D2568B2193}.Release|Any CPU.Build.0 = Release|iPhone
		{298F8069-522F-4EEC-A2BC-99D2568B2193}.Release|ARM.ActiveCfg = Release|iPhone
		{298F8069-522F-4EEC-A2BC-99D2568B2193}.Release|ARM.Build.0 = Release|iPhone
		{298F8069-522F-4EEC-A2BC-99D2568B2193}.Release|iPhone.ActiveCfg = Release|iPhone
		{298F8069-522F-4EEC-A2BC-99D2568B2193}.Release|iPhone.Build.0 = Release|iPhone
		{298F8069-522F-4EEC-A2BC-99D2568B2193}.Release|iPhoneSimulator.ActiveCfg = Release|iPhone
		{298F8069-522F-4EEC-A2BC-99D2568B2193}.Release|iPhoneSimulator.Build.0 = Release|iPhone
		{298F8069-522F-4EEC-A2BC-99D2568B2193}.Release|x64.ActiveCfg = Release|iPhone
		{298F8069-522F-4EEC-A2BC-99D2568B2193}.Release|x64.Build.0 = Release|iPhone
		{298F8069-522F-4EEC-A2BC-99D2568B2193}.Release|x86.ActiveCfg = Release|iPhone
		{298F8069-522F-4EEC-A2BC-99D2568B2193}.Release|x86.Build.0 = Release|iPhone
	EndGlobalSection
	GlobalSection(SolutionProperties) = preSolution
		HideSolutionNode = FALSE
	EndGlobalSection
	GlobalSection(ExtensibilityGlobals) = postSolution
		SolutionGuid = {146BEC1A-B57E-4A63-942D-69DC2381B650}
	EndGlobalSection
EndGlobal
